
Microsoft Visual Studio Solution File, Format Version 12.00
# Visual Studio Version 17
VisualStudioVersion = 17.8.34601.278
MinimumVisualStudioVersion = 10.0.40219.1
Project("{FAE04EC0-301F-11D3-BF4B-00C04F79EFBC}") = "TheatreManagement", "TheatreManagement\TheatreManagement.csproj", "{BC862732-BC41-4225-977C-7FF52272EC9D}"
EndProject
Global
	GlobalSection(SolutionConfigurationPlatforms) = preSolution
		Debug|Any CPU = Debug|Any CPU
		Release|Any CPU = Release|Any CPU
	EndGlobalSection
	GlobalSection(ProjectConfigurationPlatforms) = postSolution
		{BC862732-BC41-4225-977C-7FF52272EC9D}.Debug|Any CPU.ActiveCfg = Debug|Any CPU
		{BC862732-BC41-4225-977C-7FF52272EC9D}.Debug|Any CPU.Build.0 = Debug|Any CPU
		{BC862732-BC41-4225-977C-7FF52272EC9D}.Release|Any CPU.ActiveCfg = Release|Any CPU
		{BC862732-BC41-4225-977C-7FF52272EC9D}.Release|Any CPU.Build.0 = Release|Any CPU
	EndGlobalSection
	GlobalSection(SolutionProperties) = preSolution
		HideSolutionNode = FALSE
	EndGlobalSection
	GlobalSection(ExtensibilityGlobals) = postSolution
		SolutionGuid = {983B3C88-680A-4CC2-A8BC-20491834AFB0}
	EndGlobalSection
EndGlobal
